PODS:
  - POSAllocationTracker (1.0.2)
  - POSRx/Utils (0.9.4)

DEPENDENCIES:
  - POSAllocationTracker (from `./External/POSAllocationTracker`)
  - POSRx/Utils (from `./External/POSRx`)

EXTERNAL SOURCES:
  POSAllocationTracker:
    :path: ./External/POSAllocationTracker
  POSRx:
    :path: ./External/POSRx

SPEC CHECKSUMS:
  POSAllocationTracker: 02c7c3f2b09308ec8cbc6a97591e6ab63bcfcaad
  POSRx: 0d796c97fc1c61d63d783ea71ee753c8b5bf9194

COCOAPODS: 0.39.0
